
Microsoft Visual Studio Solution File, Format Version 12.00
# Visual Studio Version 17
VisualStudioVersion = 17.0.31903.59
MinimumVisualStudioVersion = 10.0.40219.1
Project("{FAE04EC0-301F-11D3-BF4B-00C04F79EFBC}") = "API", "API\API.csproj", "{CDC68588-A50C-4F26-AA5E-A1E2FF64C213}"
EndProject
Project("{FAE04EC0-301F-11D3-BF4B-00C04F79EFBC}") = "Graph", "Graph\Graph.csproj", "{7C955948-5C98-46C9-A501-1235A0CA1FB3}"
EndProject
Global
	GlobalSection(SolutionConfigurationPlatforms) = preSolution
		Debug|Any CPU = Debug|Any CPU
		Release|Any CPU = Release|Any CPU
	EndGlobalSection
	GlobalSection(SolutionProperties) = preSolution
		HideSolutionNode = FALSE
	EndGlobalSection
	GlobalSection(ProjectConfigurationPlatforms) = postSolution
		{CDC68588-A50C-4F26-AA5E-A1E2FF64C213}.Debug|Any CPU.ActiveCfg = Debug|Any CPU
		{CDC68588-A50C-4F26-AA5E-A1E2FF64C213}.Debug|Any CPU.Build.0 = Debug|Any CPU
		{CDC68588-A50C-4F26-AA5E-A1E2FF64C213}.Release|Any CPU.ActiveCfg = Release|Any CPU
		{CDC68588-A50C-4F26-AA5E-A1E2FF64C213}.Release|Any CPU.Build.0 = Release|Any CPU
		{CF2E33B3-D290-43F6-8742-916FBB8CB2B1}.Debug|Any CPU.ActiveCfg = Debug|Any CPU
		{CF2E33B3-D290-43F6-8742-916FBB8CB2B1}.Debug|Any CPU.Build.0 = Debug|Any CPU
		{CF2E33B3-D290-43F6-8742-916FBB8CB2B1}.Release|Any CPU.ActiveCfg = Release|Any CPU
		{CF2E33B3-D290-43F6-8742-916FBB8CB2B1}.Release|Any CPU.Build.0 = Release|Any CPU
		{7C955948-5C98-46C9-A501-1235A0CA1FB3}.Debug|Any CPU.ActiveCfg = Debug|Any CPU
		{7C955948-5C98-46C9-A501-1235A0CA1FB3}.Debug|Any CPU.Build.0 = Debug|Any CPU
		{7C955948-5C98-46C9-A501-1235A0CA1FB3}.Release|Any CPU.ActiveCfg = Release|Any CPU
		{7C955948-5C98-46C9-A501-1235A0CA1FB3}.Release|Any CPU.Build.0 = Release|Any CPU
	EndGlobalSection
EndGlobal
